
Microsoft Visual Studio Solution File, Format Version 12.00
# Visual Studio Version 17
VisualStudioVersion = 17.6.33723.286
MinimumVisualStudioVersion = 10.0.40219.1
Project("{FAE04EC0-301F-11D3-BF4B-00C04F79EFBC}") = "StudentAdminPortal.API", "StudentAdminPortal.API\StudentAdminPortal.API.csproj", "{A76E1317-1174-44AB-97D8-242FA2A72F0D}"
EndProject
Global
	GlobalSection(SolutionConfigurationPlatforms) = preSolution
		Debug|Any CPU = Debug|Any CPU
		Release|Any CPU = Release|Any CPU
	EndGlobalSection
	GlobalSection(ProjectConfigurationPlatforms) = postSolution
		{A76E1317-1174-44AB-97D8-242FA2A72F0D}.Debug|Any CPU.ActiveCfg = Debug|Any CPU
		{A76E1317-1174-44AB-97D8-242FA2A72F0D}.Debug|Any CPU.Build.0 = Debug|Any CPU
		{A76E1317-1174-44AB-97D8-242FA2A72F0D}.Release|Any CPU.ActiveCfg = Release|Any CPU
		{A76E1317-1174-44AB-97D8-242FA2A72F0D}.Release|Any CPU.Build.0 = Release|Any CPU
	EndGlobalSection
	GlobalSection(SolutionProperties) = preSolution
		HideSolutionNode = FALSE
	EndGlobalSection
	GlobalSection(ExtensibilityGlobals) = postSolution
		SolutionGuid = {B810D0D9-754B-4EE0-86F1-A111922E1898}
	EndGlobalSection
EndGlobal
